
Microsoft Visual Studio Solution File, Format Version 12.00
# Visual Studio 14
VisualStudioVersion = 14.0.24606.1
MinimumVisualStudioVersion = 10.0.40219.1
Project("{FAE04EC0-301F-11D3-BF4B-00C04F79EFBC}") = "Tutorial_5_DO_While", "Tutorial_5_DO_While\Tutorial_5_DO_While.csproj", "{49055AF5-5C35-4450-9173-E67725549887}"
EndProject
Global
	GlobalSection(SolutionConfigurationPlatforms) = preSolution
		Debug|Any CPU = Debug|Any CPU
		Release|Any CPU = Release|Any CPU
	EndGlobalSection
	GlobalSection(ProjectConfigurationPlatforms) = postSolution
		{49055AF5-5C35-4450-9173-E67725549887}.Debug|Any CPU.ActiveCfg = Debug|Any CPU
		{49055AF5-5C35-4450-9173-E67725549887}.Debug|Any CPU.Build.0 = Debug|Any CPU
		{49055AF5-5C35-4450-9173-E67725549887}.Release|Any CPU.ActiveCfg = Release|Any CPU
		{49055AF5-5C35-4450-9173-E67725549887}.Release|Any CPU.Build.0 = Release|Any CPU
	EndGlobalSection
	GlobalSection(SolutionProperties) = preSolution
		HideSolutionNode = FALSE
	EndGlobalSection
EndGlobal
