
Microsoft Visual Studio Solution File, Format Version 12.00
# Visual Studio 14
VisualStudioVersion = 14.0.24606.1
MinimumVisualStudioVersion = 10.0.40219.1
Project("{FAE04EC0-301F-11D3-BF4B-00C04F79EFBC}") = "Tutorial_28_Variables_Scope", "Tutorial_28_Variables_Scope\Tutorial_28_Variables_Scope.csproj", "{CA025129-28C2-4CFD-B8A5-E1C9466731F8}"
EndProject
Global
	GlobalSection(SolutionConfigurationPlatforms) = preSolution
		Debug|Any CPU = Debug|Any CPU
		Release|Any CPU = Release|Any CPU
	EndGlobalSection
	GlobalSection(ProjectConfigurationPlatforms) = postSolution
		{CA025129-28C2-4CFD-B8A5-E1C9466731F8}.Debug|Any CPU.ActiveCfg = Debug|Any CPU
		{CA025129-28C2-4CFD-B8A5-E1C9466731F8}.Debug|Any CPU.Build.0 = Debug|Any CPU
		{CA025129-28C2-4CFD-B8A5-E1C9466731F8}.Release|Any CPU.ActiveCfg = Release|Any CPU
		{CA025129-28C2-4CFD-B8A5-E1C9466731F8}.Release|Any CPU.Build.0 = Release|Any CPU
	EndGlobalSection
	GlobalSection(SolutionProperties) = preSolution
		HideSolutionNode = FALSE
	EndGlobalSection
EndGlobal
