
Microsoft Visual Studio Solution File, Format Version 12.00
# Visual Studio 14
VisualStudioVersion = 14.0.24606.1
MinimumVisualStudioVersion = 10.0.40219.1
Project("{FAE04EC0-301F-11D3-BF4B-00C04F79EFBC}") = "Tutorial_59_Abstract", "Tutorial_59_Abstract\Tutorial_59_Abstract.csproj", "{53BEA323-4308-43EA-A2B5-9CFD60EB71FB}"
EndProject
Global
	GlobalSection(SolutionConfigurationPlatforms) = preSolution
		Debug|Any CPU = Debug|Any CPU
		Release|Any CPU = Release|Any CPU
	EndGlobalSection
	GlobalSection(ProjectConfigurationPlatforms) = postSolution
		{53BEA323-4308-43EA-A2B5-9CFD60EB71FB}.Debug|Any CPU.ActiveCfg = Debug|Any CPU
		{53BEA323-4308-43EA-A2B5-9CFD60EB71FB}.Debug|Any CPU.Build.0 = Debug|Any CPU
		{53BEA323-4308-43EA-A2B5-9CFD60EB71FB}.Release|Any CPU.ActiveCfg = Release|Any CPU
		{53BEA323-4308-43EA-A2B5-9CFD60EB71FB}.Release|Any CPU.Build.0 = Release|Any CPU
	EndGlobalSection
	GlobalSection(SolutionProperties) = preSolution
		HideSolutionNode = FALSE
	EndGlobalSection
EndGlobal
