
Microsoft Visual Studio Solution File, Format Version 12.00
# Visual Studio 14
VisualStudioVersion = 14.0.24606.1
MinimumVisualStudioVersion = 10.0.40219.1
Project("{FAE04EC0-301F-11D3-BF4B-00C04F79EFBC}") = "Tutorial_21_ToUpperToLowerTrimOper", "Tutorial_21_ToUpperToLowerTrimOper\Tutorial_21_ToUpperToLowerTrimOper.csproj", "{9C35B28E-D589-42FA-8C81-9D2A447C115F}"
EndProject
Global
	GlobalSection(SolutionConfigurationPlatforms) = preSolution
		Debug|Any CPU = Debug|Any CPU
		Release|Any CPU = Release|Any CPU
	EndGlobalSection
	GlobalSection(ProjectConfigurationPlatforms) = postSolution
		{9C35B28E-D589-42FA-8C81-9D2A447C115F}.Debug|Any CPU.ActiveCfg = Debug|Any CPU
		{9C35B28E-D589-42FA-8C81-9D2A447C115F}.Debug|Any CPU.Build.0 = Debug|Any CPU
		{9C35B28E-D589-42FA-8C81-9D2A447C115F}.Release|Any CPU.ActiveCfg = Release|Any CPU
		{9C35B28E-D589-42FA-8C81-9D2A447C115F}.Release|Any CPU.Build.0 = Release|Any CPU
	EndGlobalSection
	GlobalSection(SolutionProperties) = preSolution
		HideSolutionNode = FALSE
	EndGlobalSection
EndGlobal
